Microsoft Visual Studio Solution File, Format Version 12.00
# Visual Studio Version 17
VisualStudioVersion = 17.5.2.0
MinimumVisualStudioVersion = 10.0.40219.1
Project("{FAE04EC0-301F-11D3-BF4B-00C04F79EFBC}") = "Pizzeria", "Pizzeria.csproj", "{C8845073-257D-CAFB-223B-2A15CD64921E}"
EndProject
Global
	GlobalSection(SolutionConfigurationPlatforms) = preSolution
		Debug|Any CPU = Debug|Any CPU
		Release|Any CPU = Release|Any CPU
	EndGlobalSection
	GlobalSection(ProjectConfigurationPlatforms) = postSolution
		{C8845073-257D-CAFB-223B-2A15CD64921E}.Debug|Any CPU.ActiveCfg = Debug|Any CPU
		{C8845073-257D-CAFB-223B-2A15CD64921E}.Debug|Any CPU.Build.0 = Debug|Any CPU
		{C8845073-257D-CAFB-223B-2A15CD64921E}.Release|Any CPU.ActiveCfg = Release|Any CPU
		{C8845073-257D-CAFB-223B-2A15CD64921E}.Release|Any CPU.Build.0 = Release|Any CPU
	EndGlobalSection
	GlobalSection(SolutionProperties) = preSolution
		HideSolutionNode = FALSE
	EndGlobalSection
	GlobalSection(ExtensibilityGlobals) = postSolution
		SolutionGuid = {559DC07C-147E-4EE2-A9FC-E9923F1D0736}
	EndGlobalSection
EndGlobal
